PODS:
  - Alamofire (4.6.0)
  - CodableAlamofire (1.1.0):
    - Alamofire (~> 4.0)
  - R.swift (4.0.0):
    - R.swift.Library (~> 4.0.0)
  - R.swift.Library (4.0.0)
  - SwiftSoup (1.7.1)

DEPENDENCIES:
  - Alamofire (from `https://github.com/Alamofire/Alamofire.git`, commit `bc973c5`)
  - CodableAlamofire (from `https://github.com/Otbivnoe/CodableAlamofire`, commit `dcbbb9e`)
  - R.swift
  - SwiftSoup

EXTERNAL SOURCES:
  Alamofire:
    :commit: bc973c5
    :git: https://github.com/Alamofire/Alamofire.git
  CodableAlamofire:
    :commit: dcbbb9e
    :git: https://github.com/Otbivnoe/CodableAlamofire

CHECKOUT OPTIONS:
  Alamofire:
    :commit: bc973c5
    :git: https://github.com/Alamofire/Alamofire.git
  CodableAlamofire:
    :commit: dcbbb9e
    :git: https://github.com/Otbivnoe/CodableAlamofire

SPEC CHECKSUMS:
  Alamofire: 0dda98a0ed7eec4bdcd5fe3cdd35fcd2b3022825
  CodableAlamofire: 2183509f080b5ef2d50b19ce8274cbc21bee5dfc
  R.swift: d6a5ec2f55a8441dc0ed9f1f8b37d7d11ae85c66
  R.swift.Library: c3af34921024333546e23b70e70d0b4e0cffca75
  SwiftSoup: 277f7ef548826e0ca7603a06b30d4a5df3ee0587

PODFILE CHECKSUM: 3d795a72a838d9dff4321a2ab467ebf0c20945bf

COCOAPODS: 1.4.0
