PODS:
  - Alamofire (4.6.0)
  - R.swift (4.0.0):
    - R.swift.Library (~> 4.0.0)
  - R.swift.Library (4.0.0)
  - SwiftSoup (1.7.1)

DEPENDENCIES:
  - Alamofire (from `https://github.com/Alamofire/Alamofire.git`, commit `bc973c5`)
  - R.swift
  - SwiftSoup

EXTERNAL SOURCES:
  Alamofire:
    :commit: bc973c5
    :git: https://github.com/Alamofire/Alamofire.git

CHECKOUT OPTIONS:
  Alamofire:
    :commit: bc973c5
    :git: https://github.com/Alamofire/Alamofire.git

SPEC CHECKSUMS:
  Alamofire: 0dda98a0ed7eec4bdcd5fe3cdd35fcd2b3022825
  R.swift: d6a5ec2f55a8441dc0ed9f1f8b37d7d11ae85c66
  R.swift.Library: c3af34921024333546e23b70e70d0b4e0cffca75
  SwiftSoup: 277f7ef548826e0ca7603a06b30d4a5df3ee0587

PODFILE CHECKSUM: 265c4d4da10c17d873a1ad4dc057b1eab8ee53dd

COCOAPODS: 1.4.0
